
Microsoft Visual Studio Solution File, Format Version 12.00
# Visual Studio 15
VisualStudioVersion = 15.0.28307.168
MinimumVisualStudioVersion = 10.0.40219.1
Project("{9A19103F-16F7-4668-BE54-9A1E7A4F7556}") = "Training", "Training\Training.csproj", "{B7092CE9-2E45-4B97-9B24-EFF3AC2ACD0E}"
EndProject
Project("{FAE04EC0-301F-11D3-BF4B-00C04F79EFBC}") = "Training.API", "Training.API\Training.API.csproj", "{44F04C6A-2297-474B-83CB-D8A144D2A658}"
EndProject
Project("{FAE04EC0-301F-11D3-BF4B-00C04F79EFBC}") = "Training.Data", "Training.Data\Training.Data.csproj", "{8BFB852C-6A3B-43D6-B508-089026FCBD27}"
EndProject
Project("{FAE04EC0-301F-11D3-BF4B-00C04F79EFBC}") = "Training.DTO", "Training.DTO\Training.DTO.csproj", "{C1A74A45-A86D-4EAF-9F2A-1A28692793BA}"
EndProject
Global
	GlobalSection(SolutionConfigurationPlatforms) = preSolution
		Debug|Any CPU = Debug|Any CPU
		Release|Any CPU = Release|Any CPU
	EndGlobalSection
	GlobalSection(ProjectConfigurationPlatforms) = postSolution
		{B7092CE9-2E45-4B97-9B24-EFF3AC2ACD0E}.Debug|Any CPU.ActiveCfg = Debug|Any CPU
		{B7092CE9-2E45-4B97-9B24-EFF3AC2ACD0E}.Debug|Any CPU.Build.0 = Debug|Any CPU
		{B7092CE9-2E45-4B97-9B24-EFF3AC2ACD0E}.Release|Any CPU.ActiveCfg = Release|Any CPU
		{B7092CE9-2E45-4B97-9B24-EFF3AC2ACD0E}.Release|Any CPU.Build.0 = Release|Any CPU
		{44F04C6A-2297-474B-83CB-D8A144D2A658}.Debug|Any CPU.ActiveCfg = Debug|Any CPU
		{44F04C6A-2297-474B-83CB-D8A144D2A658}.Debug|Any CPU.Build.0 = Debug|Any CPU
		{44F04C6A-2297-474B-83CB-D8A144D2A658}.Release|Any CPU.ActiveCfg = Release|Any CPU
		{44F04C6A-2297-474B-83CB-D8A144D2A658}.Release|Any CPU.Build.0 = Release|Any CPU
		{8BFB852C-6A3B-43D6-B508-089026FCBD27}.Debug|Any CPU.ActiveCfg = Debug|Any CPU
		{8BFB852C-6A3B-43D6-B508-089026FCBD27}.Debug|Any CPU.Build.0 = Debug|Any CPU
		{8BFB852C-6A3B-43D6-B508-089026FCBD27}.Release|Any CPU.ActiveCfg = Release|Any CPU
		{8BFB852C-6A3B-43D6-B508-089026FCBD27}.Release|Any CPU.Build.0 = Release|Any CPU
		{C1A74A45-A86D-4EAF-9F2A-1A28692793BA}.Debug|Any CPU.ActiveCfg = Debug|Any CPU
		{C1A74A45-A86D-4EAF-9F2A-1A28692793BA}.Debug|Any CPU.Build.0 = Debug|Any CPU
		{C1A74A45-A86D-4EAF-9F2A-1A28692793BA}.Release|Any CPU.ActiveCfg = Release|Any CPU
		{C1A74A45-A86D-4EAF-9F2A-1A28692793BA}.Release|Any CPU.Build.0 = Release|Any CPU
	EndGlobalSection
	GlobalSection(SolutionProperties) = preSolution
		HideSolutionNode = FALSE
	EndGlobalSection
	GlobalSection(ExtensibilityGlobals) = postSolution
		SolutionGuid = {0B17DA6F-9B02-4416-873C-8764157B11D5}
	EndGlobalSection
EndGlobal
